
Microsoft Visual Studio Solution File, Format Version 12.00
# Visual Studio Version 17
VisualStudioVersion = 17.0.31903.59
MinimumVisualStudioVersion = 10.0.40219.1
Project("{9A19103F-16F7-4668-BE54-9A1E7A4F7556}") = "Lochat.Console", "Lochat.Console\Lochat.Console.csproj", "{A2F2DDDA-A1FC-478A-AC4C-B78EAC02F76A}"
EndProject
Project("{9A19103F-16F7-4668-BE54-9A1E7A4F7556}") = "Lochat.Shared", "Lochat.Shared\Lochat.Shared.csproj", "{6E0CE28E-5FB1-447A-AD6F-6DAB8AEB45EA}"
EndProject
Project("{2150E333-8FDC-42A3-9474-1A3956D46DE8}") = "Элементы решения", "Элементы решения", "{1D149FCF-F67A-4A65-96BC-2F56CDA07B0E}"
	ProjectSection(SolutionItems) = preProject
		message_example.txt = message_example.txt
	EndProjectSection
EndProject
Project("{9A19103F-16F7-4668-BE54-9A1E7A4F7556}") = "Lochat.Protocol", "Lochat.Protocol\Lochat.Protocol.csproj", "{6F5B7F56-161F-415F-B854-7F4F13C257EC}"
EndProject
Project("{FAE04EC0-301F-11D3-BF4B-00C04F79EFBC}") = "Lochat.Testbot", "Lochat.Testbot\Lochat.Testbot.csproj", "{3473E0AD-2533-4ADF-8C3C-28F6CEE502B7}"
EndProject
Project("{FAE04EC0-301F-11D3-BF4B-00C04F79EFBC}") = "Lochat.BotAPI", "Lochat.BotAPI\Lochat.BotAPI.csproj", "{AF58D7C4-F776-47E6-93A2-4F29052E0684}"
EndProject
Global
	GlobalSection(SolutionConfigurationPlatforms) = preSolution
		Debug|Any CPU = Debug|Any CPU
		Release|Any CPU = Release|Any CPU
	EndGlobalSection
	GlobalSection(ProjectConfigurationPlatforms) = postSolution
		{A2F2DDDA-A1FC-478A-AC4C-B78EAC02F76A}.Debug|Any CPU.ActiveCfg = Debug|Any CPU
		{A2F2DDDA-A1FC-478A-AC4C-B78EAC02F76A}.Debug|Any CPU.Build.0 = Debug|Any CPU
		{A2F2DDDA-A1FC-478A-AC4C-B78EAC02F76A}.Release|Any CPU.ActiveCfg = Release|Any CPU
		{A2F2DDDA-A1FC-478A-AC4C-B78EAC02F76A}.Release|Any CPU.Build.0 = Release|Any CPU
		{6E0CE28E-5FB1-447A-AD6F-6DAB8AEB45EA}.Debug|Any CPU.ActiveCfg = Debug|Any CPU
		{6E0CE28E-5FB1-447A-AD6F-6DAB8AEB45EA}.Debug|Any CPU.Build.0 = Debug|Any CPU
		{6E0CE28E-5FB1-447A-AD6F-6DAB8AEB45EA}.Release|Any CPU.ActiveCfg = Release|Any CPU
		{6E0CE28E-5FB1-447A-AD6F-6DAB8AEB45EA}.Release|Any CPU.Build.0 = Release|Any CPU
		{6F5B7F56-161F-415F-B854-7F4F13C257EC}.Debug|Any CPU.ActiveCfg = Debug|Any CPU
		{6F5B7F56-161F-415F-B854-7F4F13C257EC}.Debug|Any CPU.Build.0 = Debug|Any CPU
		{6F5B7F56-161F-415F-B854-7F4F13C257EC}.Release|Any CPU.ActiveCfg = Release|Any CPU
		{6F5B7F56-161F-415F-B854-7F4F13C257EC}.Release|Any CPU.Build.0 = Release|Any CPU
		{3473E0AD-2533-4ADF-8C3C-28F6CEE502B7}.Debug|Any CPU.ActiveCfg = Debug|Any CPU
		{3473E0AD-2533-4ADF-8C3C-28F6CEE502B7}.Debug|Any CPU.Build.0 = Debug|Any CPU
		{3473E0AD-2533-4ADF-8C3C-28F6CEE502B7}.Release|Any CPU.ActiveCfg = Release|Any CPU
		{3473E0AD-2533-4ADF-8C3C-28F6CEE502B7}.Release|Any CPU.Build.0 = Release|Any CPU
		{AF58D7C4-F776-47E6-93A2-4F29052E0684}.Debug|Any CPU.ActiveCfg = Debug|Any CPU
		{AF58D7C4-F776-47E6-93A2-4F29052E0684}.Debug|Any CPU.Build.0 = Debug|Any CPU
		{AF58D7C4-F776-47E6-93A2-4F29052E0684}.Release|Any CPU.ActiveCfg = Release|Any CPU
		{AF58D7C4-F776-47E6-93A2-4F29052E0684}.Release|Any CPU.Build.0 = Release|Any CPU
	EndGlobalSection
	GlobalSection(SolutionProperties) = preSolution
		HideSolutionNode = FALSE
	EndGlobalSection
	GlobalSection(ExtensibilityGlobals) = postSolution
		SolutionGuid = {C378D504-B392-46AB-9373-81B91EAA4769}
	EndGlobalSection
EndGlobal
